
Microsoft Visual Studio Solution File, Format Version 12.00
# Visual Studio 15
VisualStudioVersion = 15.0.28307.421
MinimumVisualStudioVersion = 10.0.40219.1
Project("{FAE04EC0-301F-11D3-BF4B-00C04F79EFBC}") = "VertMarketsConsoleApp", "VertMarketsConsoleApp.csproj", "{7015FF58-E8AE-4F0E-86A7-2DDF10704DA6}"
EndProject
Global
	GlobalSection(SolutionConfigurationPlatforms) = preSolution
		Debug|Any CPU = Debug|Any CPU
		Release|Any CPU = Release|Any CPU
	EndGlobalSection
	GlobalSection(ProjectConfigurationPlatforms) = postSolution
		{7015FF58-E8AE-4F0E-86A7-2DDF10704DA6}.Debug|Any CPU.ActiveCfg = Debug|Any CPU
		{7015FF58-E8AE-4F0E-86A7-2DDF10704DA6}.Debug|Any CPU.Build.0 = Debug|Any CPU
		{7015FF58-E8AE-4F0E-86A7-2DDF10704DA6}.Release|Any CPU.ActiveCfg = Release|Any CPU
		{7015FF58-E8AE-4F0E-86A7-2DDF10704DA6}.Release|Any CPU.Build.0 = Release|Any CPU
	EndGlobalSection
	GlobalSection(SolutionProperties) = preSolution
		HideSolutionNode = FALSE
	EndGlobalSection
	GlobalSection(ExtensibilityGlobals) = postSolution
		SolutionGuid = {3993B5AD-38EB-4911-85D8-E510BFA7F407}
	EndGlobalSection
EndGlobal
